{
  "requires": true,
  "lockfileVersion": 1,
  "dependencies": {
    "sweetalert2": {
      "version": "10.6.1",
      "resolved": "https://registry.npmjs.org/sweetalert2/-/sweetalert2-10.6.1.tgz",
      "integrity": "sha512-5cIPtYldmZ+EljMVRd5ml9xT72STU+N4kk57nO0oECQmjkCsJypAcEdL+h045otoAd3t9962FtewJYSKyJxOFQ=="
    },
    "vue": {
      "version": "2.6.12",
      "resolved": "https://registry.npmjs.org/vue/-/vue-2.6.12.tgz",
      "integrity": "sha512-uhmLFETqPPNyuLLbsKz6ioJ4q7AZHzD8ZVFNATNyICSZouqP2Sz0rotWQC8UNBF6VGSCs5abnKJoStA6JbCbfg=="
    },
    "vue-sweetalert2": {
      "version": "4.0.0",
      "resolved": "https://registry.npmjs.org/vue-sweetalert2/-/vue-sweetalert2-4.0.0.tgz",
      "integrity": "sha512-voFbOe3KQS7g/3EiVQVW8m42edCmvpcBWcOEIQzvCqAnXe4IqMOe6VhexYXjBLxyFNlP93y45vAWgM2qITX2nA==",
      "requires": {
        "sweetalert2": "10.x"
      }
    }
  }
}
